
Microsoft Visual Studio Solution File, Format Version 12.00
# Visual Studio Version 16
VisualStudioVersion = 16.0.30011.22
MinimumVisualStudioVersion = 10.0.40219.1
Project("{9A19103F-16F7-4668-BE54-9A1E7A4F7556}") = "NReco.PivotData", "NReco.PivotData\NReco.PivotData.csproj", "{43F0071D-1604-40D5-AF5C-163612E3FA59}"
EndProject
Project("{9A19103F-16F7-4668-BE54-9A1E7A4F7556}") = "NReco.PivotData.Tests", "NReco.PivotData.Tests\NReco.PivotData.Tests.csproj", "{418A1986-4A8D-4E46-9D82-070298AC05A8}"
EndProject
Global
	GlobalSection(SolutionConfigurationPlatforms) = preSolution
		Debug|Any CPU = Debug|Any CPU
		Release|Any CPU = Release|Any CPU
	EndGlobalSection
	GlobalSection(ProjectConfigurationPlatforms) = postSolution
		{43F0071D-1604-40D5-AF5C-163612E3FA59}.Debug|Any CPU.ActiveCfg = Debug|Any CPU
		{43F0071D-1604-40D5-AF5C-163612E3FA59}.Debug|Any CPU.Build.0 = Debug|Any CPU
		{43F0071D-1604-40D5-AF5C-163612E3FA59}.Release|Any CPU.ActiveCfg = Release|Any CPU
		{43F0071D-1604-40D5-AF5C-163612E3FA59}.Release|Any CPU.Build.0 = Release|Any CPU
		{8F2DA9FC-ECD6-4F6E-B14A-F2F64C1C0827}.Debug|Any CPU.ActiveCfg = Debug|Any CPU
		{8F2DA9FC-ECD6-4F6E-B14A-F2F64C1C0827}.Debug|Any CPU.Build.0 = Debug|Any CPU
		{8F2DA9FC-ECD6-4F6E-B14A-F2F64C1C0827}.Release|Any CPU.ActiveCfg = Release|Any CPU
		{8F2DA9FC-ECD6-4F6E-B14A-F2F64C1C0827}.Release|Any CPU.Build.0 = Release|Any CPU
		{418A1986-4A8D-4E46-9D82-070298AC05A8}.Debug|Any CPU.ActiveCfg = Debug|Any CPU
		{418A1986-4A8D-4E46-9D82-070298AC05A8}.Debug|Any CPU.Build.0 = Debug|Any CPU
		{418A1986-4A8D-4E46-9D82-070298AC05A8}.Release|Any CPU.ActiveCfg = Release|Any CPU
		{418A1986-4A8D-4E46-9D82-070298AC05A8}.Release|Any CPU.Build.0 = Release|Any CPU
		{507D7EE1-11CC-49E7-9A03-13A99A440C19}.Debug|Any CPU.ActiveCfg = Debug|Any CPU
		{507D7EE1-11CC-49E7-9A03-13A99A440C19}.Debug|Any CPU.Build.0 = Debug|Any CPU
		{507D7EE1-11CC-49E7-9A03-13A99A440C19}.Release|Any CPU.ActiveCfg = Release|Any CPU
		{507D7EE1-11CC-49E7-9A03-13A99A440C19}.Release|Any CPU.Build.0 = Release|Any CPU
	EndGlobalSection
	GlobalSection(SolutionProperties) = preSolution
		HideSolutionNode = FALSE
	EndGlobalSection
	GlobalSection(ExtensibilityGlobals) = postSolution
		SolutionGuid = {22EEA84D-599E-4819-8819-C038289AFF1B}
	EndGlobalSection
EndGlobal
